
Microsoft Visual Studio Solution File, Format Version 12.00
# Visual Studio Version 16
VisualStudioVersion = 16.0.30002.166
MinimumVisualStudioVersion = 10.0.40219.1
Project("{FAE04EC0-301F-11D3-BF4B-00C04F79EFBC}") = "WindowsAutomatorDemo", "WindowsAutomatorDemo\WindowsAutomatorDemo.csproj", "{0A4F16CE-E8C7-4EB2-B0DC-070083C1997E}"
EndProject
Project("{FAE04EC0-301F-11D3-BF4B-00C04F79EFBC}") = "SimplyFlowWindows", "SimplyFlowWindows\SimplyFlowWindows.csproj", "{63658F7C-26E2-4BB4-AD5E-836305F18C97}"
EndProject
Global
	GlobalSection(SolutionConfigurationPlatforms) = preSolution
		Debug|Any CPU = Debug|Any CPU
		Debug|ARM = Debug|ARM
		Debug|ARM64 = Debug|ARM64
		Debug|x64 = Debug|x64
		Debug|x86 = Debug|x86
		Release|Any CPU = Release|Any CPU
		Release|ARM = Release|ARM
		Release|ARM64 = Release|ARM64
		Release|x64 = Release|x64
		Release|x86 = Release|x86
	EndGlobalSection
	GlobalSection(ProjectConfigurationPlatforms) = postSolution
		{0A4F16CE-E8C7-4EB2-B0DC-070083C1997E}.Debug|Any CPU.ActiveCfg = Debug|Any CPU
		{0A4F16CE-E8C7-4EB2-B0DC-070083C1997E}.Debug|Any CPU.Build.0 = Debug|Any CPU
		{0A4F16CE-E8C7-4EB2-B0DC-070083C1997E}.Debug|ARM.ActiveCfg = Debug|Any CPU
		{0A4F16CE-E8C7-4EB2-B0DC-070083C1997E}.Debug|ARM.Build.0 = Debug|Any CPU
		{0A4F16CE-E8C7-4EB2-B0DC-070083C1997E}.Debug|ARM64.ActiveCfg = Debug|Any CPU
		{0A4F16CE-E8C7-4EB2-B0DC-070083C1997E}.Debug|ARM64.Build.0 = Debug|Any CPU
		{0A4F16CE-E8C7-4EB2-B0DC-070083C1997E}.Debug|x64.ActiveCfg = Debug|Any CPU
		{0A4F16CE-E8C7-4EB2-B0DC-070083C1997E}.Debug|x64.Build.0 = Debug|Any CPU
		{0A4F16CE-E8C7-4EB2-B0DC-070083C1997E}.Debug|x86.ActiveCfg = Debug|Any CPU
		{0A4F16CE-E8C7-4EB2-B0DC-070083C1997E}.Debug|x86.Build.0 = Debug|Any CPU
		{0A4F16CE-E8C7-4EB2-B0DC-070083C1997E}.Release|Any CPU.ActiveCfg = Release|Any CPU
		{0A4F16CE-E8C7-4EB2-B0DC-070083C1997E}.Release|Any CPU.Build.0 = Release|Any CPU
		{0A4F16CE-E8C7-4EB2-B0DC-070083C1997E}.Release|ARM.ActiveCfg = Release|Any CPU
		{0A4F16CE-E8C7-4EB2-B0DC-070083C1997E}.Release|ARM.Build.0 = Release|Any CPU
		{0A4F16CE-E8C7-4EB2-B0DC-070083C1997E}.Release|ARM64.ActiveCfg = Release|Any CPU
		{0A4F16CE-E8C7-4EB2-B0DC-070083C1997E}.Release|ARM64.Build.0 = Release|Any CPU
		{0A4F16CE-E8C7-4EB2-B0DC-070083C1997E}.Release|x64.ActiveCfg = Release|Any CPU
		{0A4F16CE-E8C7-4EB2-B0DC-070083C1997E}.Release|x64.Build.0 = Release|Any CPU
		{0A4F16CE-E8C7-4EB2-B0DC-070083C1997E}.Release|x86.ActiveCfg = Release|Any CPU
		{0A4F16CE-E8C7-4EB2-B0DC-070083C1997E}.Release|x86.Build.0 = Release|Any CPU
		{63658F7C-26E2-4BB4-AD5E-836305F18C97}.Debug|Any CPU.ActiveCfg = Debug|Any CPU
		{63658F7C-26E2-4BB4-AD5E-836305F18C97}.Debug|Any CPU.Build.0 = Debug|Any CPU
		{63658F7C-26E2-4BB4-AD5E-836305F18C97}.Debug|ARM.ActiveCfg = Debug|Any CPU
		{63658F7C-26E2-4BB4-AD5E-836305F18C97}.Debug|ARM.Build.0 = Debug|Any CPU
		{63658F7C-26E2-4BB4-AD5E-836305F18C97}.Debug|ARM64.ActiveCfg = Debug|Any CPU
		{63658F7C-26E2-4BB4-AD5E-836305F18C97}.Debug|ARM64.Build.0 = Debug|Any CPU
		{63658F7C-26E2-4BB4-AD5E-836305F18C97}.Debug|x64.ActiveCfg = Debug|Any CPU
		{63658F7C-26E2-4BB4-AD5E-836305F18C97}.Debug|x64.Build.0 = Debug|Any CPU
		{63658F7C-26E2-4BB4-AD5E-836305F18C97}.Debug|x86.ActiveCfg = Debug|Any CPU
		{63658F7C-26E2-4BB4-AD5E-836305F18C97}.Debug|x86.Build.0 = Debug|Any CPU
		{63658F7C-26E2-4BB4-AD5E-836305F18C97}.Release|Any CPU.ActiveCfg = Release|Any CPU
		{63658F7C-26E2-4BB4-AD5E-836305F18C97}.Release|Any CPU.Build.0 = Release|Any CPU
		{63658F7C-26E2-4BB4-AD5E-836305F18C97}.Release|ARM.ActiveCfg = Release|Any CPU
		{63658F7C-26E2-4BB4-AD5E-836305F18C97}.Release|ARM.Build.0 = Release|Any CPU
		{63658F7C-26E2-4BB4-AD5E-836305F18C97}.Release|ARM64.ActiveCfg = Release|Any CPU
		{63658F7C-26E2-4BB4-AD5E-836305F18C97}.Release|ARM64.Build.0 = Release|Any CPU
		{63658F7C-26E2-4BB4-AD5E-836305F18C97}.Release|x64.ActiveCfg = Release|Any CPU
		{63658F7C-26E2-4BB4-AD5E-836305F18C97}.Release|x64.Build.0 = Release|Any CPU
		{63658F7C-26E2-4BB4-AD5E-836305F18C97}.Release|x86.ActiveCfg = Release|Any CPU
		{63658F7C-26E2-4BB4-AD5E-836305F18C97}.Release|x86.Build.0 = Release|Any CPU
	EndGlobalSection
	GlobalSection(SolutionProperties) = preSolution
		HideSolutionNode = FALSE
	EndGlobalSection
	GlobalSection(ExtensibilityGlobals) = postSolution
		SolutionGuid = {A2D7B157-F308-4872-AC3C-0EC65260E22F}
	EndGlobalSection
EndGlobal
